
Microsoft Visual Studio Solution File, Format Version 12.00
# Visual Studio Version 17
VisualStudioVersion = 17.9.34607.119
MinimumVisualStudioVersion = 10.0.40219.1
Project("{54A90642-561A-4BB1-A94E-469ADEE60C69}") = "Event_APICalls", "Event_APICalls.esproj", "{D310F8E7-99ED-44C4-AB74-1E8A796D8AE4}"
EndProject
Global
	GlobalSection(SolutionConfigurationPlatforms) = preSolution
		Debug|Any CPU = Debug|Any CPU
		Release|Any CPU = Release|Any CPU
	EndGlobalSection
	GlobalSection(ProjectConfigurationPlatforms) = postSolution
		{D310F8E7-99ED-44C4-AB74-1E8A796D8AE4}.Debug|Any CPU.ActiveCfg = Debug|Any CPU
		{D310F8E7-99ED-44C4-AB74-1E8A796D8AE4}.Debug|Any CPU.Build.0 = Debug|Any CPU
		{D310F8E7-99ED-44C4-AB74-1E8A796D8AE4}.Debug|Any CPU.Deploy.0 = Debug|Any CPU
		{D310F8E7-99ED-44C4-AB74-1E8A796D8AE4}.Release|Any CPU.ActiveCfg = Release|Any CPU
		{D310F8E7-99ED-44C4-AB74-1E8A796D8AE4}.Release|Any CPU.Build.0 = Release|Any CPU
		{D310F8E7-99ED-44C4-AB74-1E8A796D8AE4}.Release|Any CPU.Deploy.0 = Release|Any CPU
	EndGlobalSection
	GlobalSection(SolutionProperties) = preSolution
		HideSolutionNode = FALSE
	EndGlobalSection
	GlobalSection(ExtensibilityGlobals) = postSolution
		SolutionGuid = {244047B8-153F-49D2-BFE9-2A8F680D7668}
	EndGlobalSection
EndGlobal
